
Microsoft Visual Studio Solution File, Format Version 12.00
# Visual Studio Version 17
VisualStudioVersion = 17.8.34525.116
MinimumVisualStudioVersion = 10.0.40219.1
Project("{FAE04EC0-301F-11D3-BF4B-00C04F79EFBC}") = "CowsNBullsCS", "CowsNBullsCS\CowsNBullsCS.csproj", "{46824EAF-40F6-4015-99C2-2BF26F792133}"
EndProject
Global
	GlobalSection(SolutionConfigurationPlatforms) = preSolution
		Debug|Any CPU = Debug|Any CPU
		Release|Any CPU = Release|Any CPU
	EndGlobalSection
	GlobalSection(ProjectConfigurationPlatforms) = postSolution
		{46824EAF-40F6-4015-99C2-2BF26F792133}.Debug|Any CPU.ActiveCfg = Debug|Any CPU
		{46824EAF-40F6-4015-99C2-2BF26F792133}.Debug|Any CPU.Build.0 = Debug|Any CPU
		{46824EAF-40F6-4015-99C2-2BF26F792133}.Release|Any CPU.ActiveCfg = Release|Any CPU
		{46824EAF-40F6-4015-99C2-2BF26F792133}.Release|Any CPU.Build.0 = Release|Any CPU
	EndGlobalSection
	GlobalSection(SolutionProperties) = preSolution
		HideSolutionNode = FALSE
	EndGlobalSection
	GlobalSection(ExtensibilityGlobals) = postSolution
		SolutionGuid = {57CCF755-40D9-4FBA-A091-D0C49D7529D5}
	EndGlobalSection
EndGlobal
